
Microsoft Visual Studio Solution File, Format Version 12.00
# Visual Studio 15
VisualStudioVersion = 15.0.27004.2005
MinimumVisualStudioVersion = 10.0.40219.1
Project("{FAE04EC0-301F-11D3-BF4B-00C04F79EFBC}") = "CrystalReprot", "CrystalReprot\CrystalReprot.csproj", "{DFC7875E-3190-4A2D-903F-D8B0A23164CA}"
EndProject
Global
	GlobalSection(SolutionConfigurationPlatforms) = preSolution
		Debug|Any CPU = Debug|Any CPU
		Release|Any CPU = Release|Any CPU
	EndGlobalSection
	GlobalSection(ProjectConfigurationPlatforms) = postSolution
		{DFC7875E-3190-4A2D-903F-D8B0A23164CA}.Debug|Any CPU.ActiveCfg = Debug|Any CPU
		{DFC7875E-3190-4A2D-903F-D8B0A23164CA}.Debug|Any CPU.Build.0 = Debug|Any CPU
		{DFC7875E-3190-4A2D-903F-D8B0A23164CA}.Release|Any CPU.ActiveCfg = Release|Any CPU
		{DFC7875E-3190-4A2D-903F-D8B0A23164CA}.Release|Any CPU.Build.0 = Release|Any CPU
	EndGlobalSection
	GlobalSection(SolutionProperties) = preSolution
		HideSolutionNode = FALSE
	EndGlobalSection
	GlobalSection(ExtensibilityGlobals) = postSolution
		SolutionGuid = {D27DA3A1-4B62-42BD-9691-30010B8B3932}
	EndGlobalSection
EndGlobal
